PODS:
  - GMPannableTableView (1.1.2)

DEPENDENCIES:
  - GMPannableTableView (from `./`)

EXTERNAL SOURCES:
  GMPannableTableView:
    :path: "./"

SPEC CHECKSUMS:
  GMPannableTableView: bd2d115a13d346defdeba12c245b4805dae6924a

PODFILE CHECKSUM: db83fa57534b60a6204c2190a16fb96e0191f4f4

COCOAPODS: 1.9.1
