PODS:
  - GMPannableTableView (1.1.0)

DEPENDENCIES:
  - GMPannableTableView (from `./`)

EXTERNAL SOURCES:
  GMPannableTableView:
    :path: "./"

SPEC CHECKSUMS:
  GMPannableTableView: b780a23cc1dcba58eab2fe149dd3f2d8beecf196

PODFILE CHECKSUM: db83fa57534b60a6204c2190a16fb96e0191f4f4

COCOAPODS: 1.5.3
